
Microsoft Visual Studio Solution File, Format Version 12.00
# Visual Studio Version 17
VisualStudioVersion = 17.7.34031.279
MinimumVisualStudioVersion = 10.0.40219.1
Project("{9A19103F-16F7-4668-BE54-9A1E7A4F7556}") = "AdventQuick", "AdventQuick\AdventQuick.csproj", "{4E778186-0FDF-497C-BE98-D2C1E750542F}"
EndProject
Project("{9A19103F-16F7-4668-BE54-9A1E7A4F7556}") = "AOC2016", "AOC2016\AOC2016.csproj", "{93931F68-73D2-4075-A443-3CF68CFBD215}"
EndProject
Project("{9A19103F-16F7-4668-BE54-9A1E7A4F7556}") = "AOC2018", "AOC2018\AOC2018.csproj", "{7A01654A-064C-433A-88B6-B16DFB4BC509}"
EndProject
Project("{9A19103F-16F7-4668-BE54-9A1E7A4F7556}") = "AOC2021", "AOC2021\AOC2021.csproj", "{037066F4-2605-4C9B-B17A-10785EDF4EE3}"
EndProject
Project("{9A19103F-16F7-4668-BE54-9A1E7A4F7556}") = "AOC2022", "AOC2022\AOC2022.csproj", "{503F5DD0-9130-466D-9C72-E6667ECA1CB9}"
EndProject
Project("{9A19103F-16F7-4668-BE54-9A1E7A4F7556}") = "AOC2019", "AOC2019\AOC2019.csproj", "{D4D8A554-D067-448A-8C0E-93035D9817C1}"
EndProject
Project("{9A19103F-16F7-4668-BE54-9A1E7A4F7556}") = "AOC2023", "AOC2023\AOC2023.csproj", "{270C0470-0E53-4A15-A3C1-92175E0CBD12}"
EndProject
Project("{FAE04EC0-301F-11D3-BF4B-00C04F79EFBC}") = "AOC2017", "AOC2017\AOC2017.csproj", "{836334CC-C477-4440-A74F-A120A6258ABD}"
EndProject
Project("{FAE04EC0-301F-11D3-BF4B-00C04F79EFBC}") = "AOC2024", "AOC2024\AOC2024.csproj", "{BB379F44-C74D-4DBB-827F-6C40BFDF9A0C}"
EndProject
Project("{FAE04EC0-301F-11D3-BF4B-00C04F79EFBC}") = "AOC2025", "AOC2025\AOC2025.csproj", "{9151858D-38CE-408B-B67F-86C8B452404D}"
EndProject
Global
	GlobalSection(SolutionConfigurationPlatforms) = preSolution
		Debug|Any CPU = Debug|Any CPU
		Debug|x64 = Debug|x64
		Debug|x86 = Debug|x86
		Release|Any CPU = Release|Any CPU
		Release|x64 = Release|x64
		Release|x86 = Release|x86
	EndGlobalSection
	GlobalSection(ProjectConfigurationPlatforms) = postSolution
		{4E778186-0FDF-497C-BE98-D2C1E750542F}.Debug|Any CPU.ActiveCfg = Debug|Any CPU
		{4E778186-0FDF-497C-BE98-D2C1E750542F}.Debug|Any CPU.Build.0 = Debug|Any CPU
		{4E778186-0FDF-497C-BE98-D2C1E750542F}.Debug|x64.ActiveCfg = Debug|Any CPU
		{4E778186-0FDF-497C-BE98-D2C1E750542F}.Debug|x64.Build.0 = Debug|Any CPU
		{4E778186-0FDF-497C-BE98-D2C1E750542F}.Debug|x86.ActiveCfg = Debug|Any CPU
		{4E778186-0FDF-497C-BE98-D2C1E750542F}.Debug|x86.Build.0 = Debug|Any CPU
		{4E778186-0FDF-497C-BE98-D2C1E750542F}.Release|Any CPU.ActiveCfg = Release|Any CPU
		{4E778186-0FDF-497C-BE98-D2C1E750542F}.Release|Any CPU.Build.0 = Release|Any CPU
		{4E778186-0FDF-497C-BE98-D2C1E750542F}.Release|x64.ActiveCfg = Release|Any CPU
		{4E778186-0FDF-497C-BE98-D2C1E750542F}.Release|x64.Build.0 = Release|Any CPU
		{4E778186-0FDF-497C-BE98-D2C1E750542F}.Release|x86.ActiveCfg = Release|Any CPU
		{4E778186-0FDF-497C-BE98-D2C1E750542F}.Release|x86.Build.0 = Release|Any CPU
		{93931F68-73D2-4075-A443-3CF68CFBD215}.Debug|Any CPU.ActiveCfg = Debug|Any CPU
		{93931F68-73D2-4075-A443-3CF68CFBD215}.Debug|Any CPU.Build.0 = Debug|Any CPU
		{93931F68-73D2-4075-A443-3CF68CFBD215}.Debug|x64.ActiveCfg = Debug|Any CPU
		{93931F68-73D2-4075-A443-3CF68CFBD215}.Debug|x64.Build.0 = Debug|Any CPU
		{93931F68-73D2-4075-A443-3CF68CFBD215}.Debug|x86.ActiveCfg = Debug|Any CPU
		{93931F68-73D2-4075-A443-3CF68CFBD215}.Debug|x86.Build.0 = Debug|Any CPU
		{93931F68-73D2-4075-A443-3CF68CFBD215}.Release|Any CPU.ActiveCfg = Release|Any CPU
		{93931F68-73D2-4075-A443-3CF68CFBD215}.Release|Any CPU.Build.0 = Release|Any CPU
		{93931F68-73D2-4075-A443-3CF68CFBD215}.Release|x64.ActiveCfg = Release|Any CPU
		{93931F68-73D2-4075-A443-3CF68CFBD215}.Release|x64.Build.0 = Release|Any CPU
		{93931F68-73D2-4075-A443-3CF68CFBD215}.Release|x86.ActiveCfg = Release|Any CPU
		{93931F68-73D2-4075-A443-3CF68CFBD215}.Release|x86.Build.0 = Release|Any CPU
		{7A01654A-064C-433A-88B6-B16DFB4BC509}.Debug|Any CPU.ActiveCfg = Debug|Any CPU
		{7A01654A-064C-433A-88B6-B16DFB4BC509}.Debug|Any CPU.Build.0 = Debug|Any CPU
		{7A01654A-064C-433A-88B6-B16DFB4BC509}.Debug|x64.ActiveCfg = Debug|Any CPU
		{7A01654A-064C-433A-88B6-B16DFB4BC509}.Debug|x64.Build.0 = Debug|Any CPU
		{7A01654A-064C-433A-88B6-B16DFB4BC509}.Debug|x86.ActiveCfg = Debug|Any CPU
		{7A01654A-064C-433A-88B6-B16DFB4BC509}.Debug|x86.Build.0 = Debug|Any CPU
		{7A01654A-064C-433A-88B6-B16DFB4BC509}.Release|Any CPU.ActiveCfg = Release|Any CPU
		{7A01654A-064C-433A-88B6-B16DFB4BC509}.Release|Any CPU.Build.0 = Release|Any CPU
		{7A01654A-064C-433A-88B6-B16DFB4BC509}.Release|x64.ActiveCfg = Release|Any CPU
		{7A01654A-064C-433A-88B6-B16DFB4BC509}.Release|x64.Build.0 = Release|Any CPU
		{7A01654A-064C-433A-88B6-B16DFB4BC509}.Release|x86.ActiveCfg = Release|Any CPU
		{7A01654A-064C-433A-88B6-B16DFB4BC509}.Release|x86.Build.0 = Release|Any CPU
		{037066F4-2605-4C9B-B17A-10785EDF4EE3}.Debug|Any CPU.ActiveCfg = Debug|Any CPU
		{037066F4-2605-4C9B-B17A-10785EDF4EE3}.Debug|Any CPU.Build.0 = Debug|Any CPU
		{037066F4-2605-4C9B-B17A-10785EDF4EE3}.Debug|x64.ActiveCfg = Debug|Any CPU
		{037066F4-2605-4C9B-B17A-10785EDF4EE3}.Debug|x64.Build.0 = Debug|Any CPU
		{037066F4-2605-4C9B-B17A-10785EDF4EE3}.Debug|x86.ActiveCfg = Debug|Any CPU
		{037066F4-2605-4C9B-B17A-10785EDF4EE3}.Debug|x86.Build.0 = Debug|Any CPU
		{037066F4-2605-4C9B-B17A-10785EDF4EE3}.Release|Any CPU.ActiveCfg = Release|Any CPU
		{037066F4-2605-4C9B-B17A-10785EDF4EE3}.Release|Any CPU.Build.0 = Release|Any CPU
		{037066F4-2605-4C9B-B17A-10785EDF4EE3}.Release|x64.ActiveCfg = Release|Any CPU
		{037066F4-2605-4C9B-B17A-10785EDF4EE3}.Release|x64.Build.0 = Release|Any CPU
		{037066F4-2605-4C9B-B17A-10785EDF4EE3}.Release|x86.ActiveCfg = Release|Any CPU
		{037066F4-2605-4C9B-B17A-10785EDF4EE3}.Release|x86.Build.0 = Release|Any CPU
		{503F5DD0-9130-466D-9C72-E6667ECA1CB9}.Debug|Any CPU.ActiveCfg = Debug|Any CPU
		{503F5DD0-9130-466D-9C72-E6667ECA1CB9}.Debug|Any CPU.Build.0 = Debug|Any CPU
		{503F5DD0-9130-466D-9C72-E6667ECA1CB9}.Debug|x64.ActiveCfg = Debug|Any CPU
		{503F5DD0-9130-466D-9C72-E6667ECA1CB9}.Debug|x64.Build.0 = Debug|Any CPU
		{503F5DD0-9130-466D-9C72-E6667ECA1CB9}.Debug|x86.ActiveCfg = Debug|Any CPU
		{503F5DD0-9130-466D-9C72-E6667ECA1CB9}.Debug|x86.Build.0 = Debug|Any CPU
		{503F5DD0-9130-466D-9C72-E6667ECA1CB9}.Release|Any CPU.ActiveCfg = Release|Any CPU
		{503F5DD0-9130-466D-9C72-E6667ECA1CB9}.Release|Any CPU.Build.0 = Release|Any CPU
		{503F5DD0-9130-466D-9C72-E6667ECA1CB9}.Release|x64.ActiveCfg = Release|Any CPU
		{503F5DD0-9130-466D-9C72-E6667ECA1CB9}.Release|x64.Build.0 = Release|Any CPU
		{503F5DD0-9130-466D-9C72-E6667ECA1CB9}.Release|x86.ActiveCfg = Release|Any CPU
		{503F5DD0-9130-466D-9C72-E6667ECA1CB9}.Release|x86.Build.0 = Release|Any CPU
		{D4D8A554-D067-448A-8C0E-93035D9817C1}.Debug|Any CPU.ActiveCfg = Debug|Any CPU
		{D4D8A554-D067-448A-8C0E-93035D9817C1}.Debug|Any CPU.Build.0 = Debug|Any CPU
		{D4D8A554-D067-448A-8C0E-93035D9817C1}.Debug|x64.ActiveCfg = Debug|Any CPU
		{D4D8A554-D067-448A-8C0E-93035D9817C1}.Debug|x64.Build.0 = Debug|Any CPU
		{D4D8A554-D067-448A-8C0E-93035D9817C1}.Debug|x86.ActiveCfg = Debug|Any CPU
		{D4D8A554-D067-448A-8C0E-93035D9817C1}.Debug|x86.Build.0 = Debug|Any CPU
		{D4D8A554-D067-448A-8C0E-93035D9817C1}.Release|Any CPU.ActiveCfg = Release|Any CPU
		{D4D8A554-D067-448A-8C0E-93035D9817C1}.Release|Any CPU.Build.0 = Release|Any CPU
		{D4D8A554-D067-448A-8C0E-93035D9817C1}.Release|x64.ActiveCfg = Release|Any CPU
		{D4D8A554-D067-448A-8C0E-93035D9817C1}.Release|x64.Build.0 = Release|Any CPU
		{D4D8A554-D067-448A-8C0E-93035D9817C1}.Release|x86.ActiveCfg = Release|Any CPU
		{D4D8A554-D067-448A-8C0E-93035D9817C1}.Release|x86.Build.0 = Release|Any CPU
		{270C0470-0E53-4A15-A3C1-92175E0CBD12}.Debug|Any CPU.ActiveCfg = Debug|Any CPU
		{270C0470-0E53-4A15-A3C1-92175E0CBD12}.Debug|Any CPU.Build.0 = Debug|Any CPU
		{270C0470-0E53-4A15-A3C1-92175E0CBD12}.Debug|x64.ActiveCfg = Debug|Any CPU
		{270C0470-0E53-4A15-A3C1-92175E0CBD12}.Debug|x64.Build.0 = Debug|Any CPU
		{270C0470-0E53-4A15-A3C1-92175E0CBD12}.Debug|x86.ActiveCfg = Debug|Any CPU
		{270C0470-0E53-4A15-A3C1-92175E0CBD12}.Debug|x86.Build.0 = Debug|Any CPU
		{270C0470-0E53-4A15-A3C1-92175E0CBD12}.Release|Any CPU.ActiveCfg = Release|Any CPU
		{270C0470-0E53-4A15-A3C1-92175E0CBD12}.Release|Any CPU.Build.0 = Release|Any CPU
		{270C0470-0E53-4A15-A3C1-92175E0CBD12}.Release|x64.ActiveCfg = Release|Any CPU
		{270C0470-0E53-4A15-A3C1-92175E0CBD12}.Release|x64.Build.0 = Release|Any CPU
		{270C0470-0E53-4A15-A3C1-92175E0CBD12}.Release|x86.ActiveCfg = Release|Any CPU
		{270C0470-0E53-4A15-A3C1-92175E0CBD12}.Release|x86.Build.0 = Release|Any CPU
		{836334CC-C477-4440-A74F-A120A6258ABD}.Debug|Any CPU.ActiveCfg = Debug|Any CPU
		{836334CC-C477-4440-A74F-A120A6258ABD}.Debug|Any CPU.Build.0 = Debug|Any CPU
		{836334CC-C477-4440-A74F-A120A6258ABD}.Debug|x64.ActiveCfg = Debug|Any CPU
		{836334CC-C477-4440-A74F-A120A6258ABD}.Debug|x64.Build.0 = Debug|Any CPU
		{836334CC-C477-4440-A74F-A120A6258ABD}.Debug|x86.ActiveCfg = Debug|Any CPU
		{836334CC-C477-4440-A74F-A120A6258ABD}.Debug|x86.Build.0 = Debug|Any CPU
		{836334CC-C477-4440-A74F-A120A6258ABD}.Release|Any CPU.ActiveCfg = Release|Any CPU
		{836334CC-C477-4440-A74F-A120A6258ABD}.Release|Any CPU.Build.0 = Release|Any CPU
		{836334CC-C477-4440-A74F-A120A6258ABD}.Release|x64.ActiveCfg = Release|Any CPU
		{836334CC-C477-4440-A74F-A120A6258ABD}.Release|x64.Build.0 = Release|Any CPU
		{836334CC-C477-4440-A74F-A120A6258ABD}.Release|x86.ActiveCfg = Release|Any CPU
		{836334CC-C477-4440-A74F-A120A6258ABD}.Release|x86.Build.0 = Release|Any CPU
		{BB379F44-C74D-4DBB-827F-6C40BFDF9A0C}.Debug|Any CPU.ActiveCfg = Debug|Any CPU
		{BB379F44-C74D-4DBB-827F-6C40BFDF9A0C}.Debug|Any CPU.Build.0 = Debug|Any CPU
		{BB379F44-C74D-4DBB-827F-6C40BFDF9A0C}.Debug|x64.ActiveCfg = Debug|Any CPU
		{BB379F44-C74D-4DBB-827F-6C40BFDF9A0C}.Debug|x64.Build.0 = Debug|Any CPU
		{BB379F44-C74D-4DBB-827F-6C40BFDF9A0C}.Debug|x86.ActiveCfg = Debug|Any CPU
		{BB379F44-C74D-4DBB-827F-6C40BFDF9A0C}.Debug|x86.Build.0 = Debug|Any CPU
		{BB379F44-C74D-4DBB-827F-6C40BFDF9A0C}.Release|Any CPU.ActiveCfg = Release|Any CPU
		{BB379F44-C74D-4DBB-827F-6C40BFDF9A0C}.Release|Any CPU.Build.0 = Release|Any CPU
		{BB379F44-C74D-4DBB-827F-6C40BFDF9A0C}.Release|x64.ActiveCfg = Release|Any CPU
		{BB379F44-C74D-4DBB-827F-6C40BFDF9A0C}.Release|x64.Build.0 = Release|Any CPU
		{BB379F44-C74D-4DBB-827F-6C40BFDF9A0C}.Release|x86.ActiveCfg = Release|Any CPU
		{BB379F44-C74D-4DBB-827F-6C40BFDF9A0C}.Release|x86.Build.0 = Release|Any CPU
		{9151858D-38CE-408B-B67F-86C8B452404D}.Debug|Any CPU.ActiveCfg = Debug|Any CPU
		{9151858D-38CE-408B-B67F-86C8B452404D}.Debug|Any CPU.Build.0 = Debug|Any CPU
		{9151858D-38CE-408B-B67F-86C8B452404D}.Debug|x64.ActiveCfg = Debug|Any CPU
		{9151858D-38CE-408B-B67F-86C8B452404D}.Debug|x64.Build.0 = Debug|Any CPU
		{9151858D-38CE-408B-B67F-86C8B452404D}.Debug|x86.ActiveCfg = Debug|Any CPU
		{9151858D-38CE-408B-B67F-86C8B452404D}.Debug|x86.Build.0 = Debug|Any CPU
		{9151858D-38CE-408B-B67F-86C8B452404D}.Release|Any CPU.ActiveCfg = Release|Any CPU
		{9151858D-38CE-408B-B67F-86C8B452404D}.Release|Any CPU.Build.0 = Release|Any CPU
		{9151858D-38CE-408B-B67F-86C8B452404D}.Release|x64.ActiveCfg = Release|Any CPU
		{9151858D-38CE-408B-B67F-86C8B452404D}.Release|x64.Build.0 = Release|Any CPU
		{9151858D-38CE-408B-B67F-86C8B452404D}.Release|x86.ActiveCfg = Release|Any CPU
		{9151858D-38CE-408B-B67F-86C8B452404D}.Release|x86.Build.0 = Release|Any CPU
	EndGlobalSection
	GlobalSection(SolutionProperties) = preSolution
		HideSolutionNode = FALSE
	EndGlobalSection
	GlobalSection(ExtensibilityGlobals) = postSolution
		SolutionGuid = {2BBDB7DD-A80E-4561-94BE-8972C9B3C66E}
	EndGlobalSection
EndGlobal
